# THIS IS AN AUTOGENERATED FILE. DO NOT EDIT THIS FILE DIRECTLY.
# yarn lockfile v1


"@babel/code-frame@7.12.11":
  version "7.12.11"
  resolved "https://registry.yarnpkg.com/@babel/code-frame/-/code-frame-7.12.11.tgz#f4ad435aa263db935b8f10f2c552d23fb716a63f"
  integrity sha512-Zt1yodBx1UcyiePMSkWnU4hPqhwq7hGi2nFL1LeA3EUl+q2LQx16MISgJ0+z7dnmgvP9QtIleuETGOiOH1RcIw==
  dependencies:
    "@babel/highlight" "^7.10.4"

"@babel/code-frame@^7.10.4":
  version "7.16.0"
  resolved "https://registry.yarnpkg.com/@babel/code-frame/-/code-frame-7.16.0.tgz#0dfc80309beec8411e65e706461c408b0bb9b431"
  integrity sha512-IF4EOMEV+bfYwOmNxGzSnjR2EmQod7f1UXOpZM3l4i4o4QNwzjtJAu/HxdjHq0aYBvdqMuQEY1eg0nqW9ZPORA==
  dependencies:
    "@babel/highlight" "^7.16.0"

"@babel/helper-plugin-utils@^7.14.5":
  version "7.14.5"
  resolved "https://registry.yarnpkg.com/@babel/helper-plugin-utils/-/helper-plugin-utils-7.14.5.tgz#5ac822ce97eec46741ab70a517971e443a70c5a9"
  integrity sha512-/37qQCE3K0vvZKwoK4XU/irIJQdIfCJuhU5eKnNxpFDsOkgFaUAwbv+RYw6eYgsC0E4hS7r5KqGULUogqui0fQ==


"@babel/helper-validator-identifier@^7.14.9", "@babel/helper-validator-identifier@^7.15.7":
  version "7.15.7"
  resolved "https://registry.yarnpkg.com/@babel/helper-validator-identifier/-/helper-validator-identifier-7.15.7.tgz#220df993bfe904a4a6b02ab4f3385a5ebf6e2389"
  integrity sha512-K4JvCtQqad9OY2+yTU8w+E82ywk/fe+ELNlt1G8z3bVGlZfn/hOcQQsUhGhW/N+tb3fxK800wLtKOE/aM0m72w==

"@babel/highlight@^7.10.4", "@babel/highlight@^7.16.0":
  version "7.16.0"
  resolved "https://registry.yarnpkg.com/@babel/highlight/-/highlight-7.16.0.tgz#6ceb32b2ca4b8f5f361fb7fd821e3fddf4a1725a"
  integrity sha512-t8MH41kUQylBtu2+4IQA3atqevA2lRgqA2wyVB/YiWmsDSuylZZuXOUy9ric30hfzauEFfdsuk/eXTRrGrfd0g==
  dependencies:
    "@babel/helper-validator-identifier" "^7.15.7"
    chalk "^2.0.0"
    js-tokens "^4.0.0"

"@babel/plugin-syntax-jsx@7.14.5":
  version "7.14.5"
  resolved "https://registry.yarnpkg.com/@babel/plugin-syntax-jsx/-/plugin-syntax-jsx-7.14.5.tgz#000e2e25d8673cce49300517a3eda44c263e4201"
  integrity sha512-ohuFIsOMXJnbOMRfX7/w7LocdR6R7whhuRD4ax8IipLcLPlZGJKkBxgHp++U4N/vKyU16/YDQr2f5seajD3jIw==
  dependencies:
    "@babel/helper-plugin-utils" "^7.14.5"

"@babel/runtime-corejs3@^7.10.2":
  version "7.16.3"
  resolved "https://registry.yarnpkg.com/@babel/runtime-corejs3/-/runtime-corejs3-7.16.3.tgz#1e25de4fa994c57c18e5fdda6cc810dac70f5590"
  integrity sha512-IAdDC7T0+wEB4y2gbIL0uOXEYpiZEeuFUTVbdGq+UwCcF35T/tS8KrmMomEwEc5wBbyfH3PJVpTSUqrhPDXFcQ==
  dependencies:
    core-js-pure "^3.19.0"
    regenerator-runtime "^0.13.4"

"@babel/runtime@7.15.4":
  version "7.15.4"
  resolved "https://registry.yarnpkg.com/@babel/runtime/-/runtime-7.15.4.tgz#fd17d16bfdf878e6dd02d19753a39fa8a8d9c84a"
  integrity sha512-99catp6bHCaxr4sJ/DbTGgHS4+Rs2RVd2g7iOap6SLGPDknRK9ztKNsE/Fg6QhSeh1FGE5f6gHGQmvvn3I3xhw==
  dependencies:
    regenerator-runtime "^0.13.4"

"@babel/runtime@^7.10.2", "@babel/runtime@^7.12.5", "@babel/runtime@^7.16.3":
  version "7.16.3"
  resolved "https://registry.yarnpkg.com/@babel/runtime/-/runtime-7.16.3.tgz#b86f0db02a04187a3c17caa77de69840165d42d5"
  integrity sha512-WBwekcqacdY2e9AF/Q7WLFUWmdJGJTkbjqTjoMDgXkVZ3ZRUvOPsLb5KdwISoQVsbP+DQzVZW4Zhci0DvpbNTQ==
  dependencies:
    regenerator-runtime "^0.13.4"

"@babel/types@7.15.0":
  version "7.15.0"
  resolved "https://registry.yarnpkg.com/@babel/types/-/types-7.15.0.tgz#61af11f2286c4e9c69ca8deb5f4375a73c72dcbd"
  integrity sha512-OBvfqnllOIdX4ojTHpwZbpvz4j3EWyjkZEdmjH0/cgsd6QOdSgU8rLSk6ard/pcW7rlmjdVSX/AWOaORR1uNOQ==
  dependencies:
    "@babel/helper-validator-identifier" "^7.14.9"
    to-fast-properties "^2.0.0"

"@corex/deepmerge@^2.6.34":
  version "2.6.133"
  resolved "https://registry.yarnpkg.com/@corex/deepmerge/-/deepmerge-2.6.133.tgz#eb3aaa7e197ea69cbb129b4e988e669622089063"
  integrity sha512-KrAg1G7NaXDJ/bihDHof3MKnE6KC0mKE89o7qTSHPaxs122pBB14Ll+QFyMo4FyTqpMIRcFJlv02G9PcDxDMEA==

"@csstools/convert-colors@^1.4.0":
  version "1.4.0"
  resolved "https://registry.yarnpkg.com/@csstools/convert-colors/-/convert-colors-1.4.0.tgz#ad495dc41b12e75d588c6db8b9834f08fa131eb7"
  integrity sha512-5a6wqoJV/xEdbRNKVo6I4hO3VjyDq//8q2f9I6PBAvMesJHFauXDorcNCsr9RzvsZnaWi5NYCcfyqP1QeFHFbw==

"@eslint/eslintrc@^0.4.3":
  version "0.4.3"
  resolved "https://registry.yarnpkg.com/@eslint/eslintrc/-/eslintrc-0.4.3.tgz#9e42981ef035beb3dd49add17acb96e8ff6f394c"
  integrity sha512-J6KFFz5QCYUJq3pf0mjEcCJVERbzv71PUIDczuh9JkwGEzced6CO5ADLHB1rbf/+oPBtoPfMYNOpGDzCANlbXw==
  dependencies:
    ajv "^6.12.4"
    debug "^4.1.1"
    espree "^7.3.0"
    globals "^13.9.0"
    ignore "^4.0.6"
    import-fresh "^3.2.1"
    js-yaml "^3.13.1"
    minimatch "^3.0.4"
    strip-json-comments "^3.1.1"

"@hapi/accept@5.0.2":
  version "5.0.2"
  resolved "https://registry.yarnpkg.com/@hapi/accept/-/accept-5.0.2.tgz#ab7043b037e68b722f93f376afb05e85c0699523"
  integrity sha512-CmzBx/bXUR8451fnZRuZAJRlzgm0Jgu5dltTX/bszmR2lheb9BpyN47Q1RbaGTsvFzn0PXAEs+lXDKfshccYZw==
  dependencies:
    "@hapi/boom" "9.x.x"
    "@hapi/hoek" "9.x.x"

"@hapi/boom@9.x.x":
  version "9.1.4"
  resolved "https://registry.yarnpkg.com/@hapi/boom/-/boom-9.1.4.tgz#1f9dad367c6a7da9f8def24b4a986fc5a7bd9db6"
  integrity sha512-Ls1oH8jaN1vNsqcaHVYJrKmgMcKsC1wcp8bujvXrHaAqD2iDYq3HoOwsxwo09Cuda5R5nC0o0IxlrlTuvPuzSw==
  dependencies:
    "@hapi/hoek" "9.x.x"

"@hapi/hoek@9.x.x":
  version "9.2.1"
  resolved "https://registry.yarnpkg.com/@hapi/hoek/-/hoek-9.2.1.tgz#9551142a1980503752536b5050fd99f4a7f13b17"
  integrity sha512-gfta+H8aziZsm8pZa0vj04KO6biEiisppNgA1kbJvFrrWu9Vm7eaUEy76DIxsuTaWvti5fkJVhllWc6ZTE+Mdw==

"@humanwhocodes/config-array@^0.5.0":
  version "0.5.0"
  resolved "https://registry.yarnpkg.com/@humanwhocodes/config-array/-/config-array-0.5.0.tgz#1407967d4c6eecd7388f83acf1eaf4d0c6e58ef9"
  integrity sha512-FagtKFz74XrTl7y6HCzQpwDfXP0yhxe9lHLD1UZxjvZIcbyRz8zTFF/yYNfSfzU414eDwZ1SrO0Qvtyf+wFMQg==
  dependencies:
    "@humanwhocodes/object-schema" "^1.2.0"
    debug "^4.1.1"
    minimatch "^3.0.4"

"@humanwhocodes/object-schema@^1.2.0":
  version "1.2.1"
  resolved "https://registry.yarnpkg.com/@humanwhocodes/object-schema/-/object-schema-1.2.1.tgz#b520529ec21d8e5945a1851dfd1c32e94e39ff45"
  integrity sha512-ZnQMnLV4e7hDlUvw8H+U8ASL02SS2Gn6+9Ac3wGGLIe7+je2AeAOxPY+izIPJDfFDb7eDjev0Us8MO1iFRN8hA==

"@jest/types@^27.4.2":
  version "27.4.2"
  resolved "https://registry.yarnpkg.com/@jest/types/-/types-27.4.2.tgz#96536ebd34da6392c2b7c7737d693885b5dd44a5"
  integrity sha512-j35yw0PMTPpZsUoOBiuHzr1zTYoad1cVIE0ajEjcrJONxxrko/IRGKkXx3os0Nsi4Hu3+5VmDbVfq5WhG/pWAg==
  dependencies:
    "@types/istanbul-lib-coverage" "^2.0.0"
    "@types/istanbul-reports" "^3.0.0"
    "@types/node" "*"
    "@types/yargs" "^16.0.0"
    chalk "^4.0.0"

"@mapbox/hast-util-table-cell-style@^0.2.0":
  version "0.2.0"
  resolved "https://registry.yarnpkg.com/@mapbox/hast-util-table-cell-style/-/hast-util-table-cell-style-0.2.0.tgz#1003f59d54fae6f638cb5646f52110fb3da95b4d"
  integrity sha512-gqaTIGC8My3LVSnU38IwjHVKJC94HSonjvFHDk8/aSrApL8v4uWgm8zJkK7MJIIbHuNOr/+Mv2KkQKcxs6LEZA==
  dependencies:
    unist-util-visit "^1.4.1"

"@napi-rs/triples@1.0.3":
  version "1.0.3"
  resolved "https://registry.yarnpkg.com/@napi-rs/triples/-/triples-1.0.3.tgz#76d6d0c3f4d16013c61e45dfca5ff1e6c31ae53c"
  integrity sha512-jDJTpta+P4p1NZTFVLHJ/TLFVYVcOqv6l8xwOeBKNPMgY/zDYH/YH7SJbvrr/h1RcS9GzbPcLKGzpuK9cV56UA==

"@next/bundle-analyzer@^12.0.7":
  version "12.0.7"
  resolved "https://registry.yarnpkg.com/@next/bundle-analyzer/-/bundle-analyzer-12.0.7.tgz#2822e2c530ca7d7b83948154a69221e309eaa073"
  integrity sha512-u3er2QTSPrcouO8CqfNraHrj9e/A+sBMQWe4w4yy2kSmK4L7PXkWDb8OFWB25eaDD24LrnMPTuuEq2pNCnbujA==
  dependencies:
    webpack-bundle-analyzer "4.3.0"

"@next/env@12.0.7":
  version "12.0.7"
  resolved "https://registry.yarnpkg.com/@next/env/-/env-12.0.7.tgz#316f7bd1b6b69f554d2676cfc91a16bc7e32ee79"
  integrity sha512-TNDqBV37wd95SiNdZsSUq8gnnrTwr+aN9wqy4Zxrxw4bC/jCHNsbK94DxjkG99VL30VCRXXDBTA1/Wa2jIpF9Q==

"@next/eslint-plugin-next@12.0.7":
  version "12.0.7"
  resolved "https://registry.yarnpkg.com/@next/eslint-plugin-next/-/eslint-plugin-next-12.0.7.tgz#2c71bb66b8f8ff1080086342113406aa3156976f"
  integrity sha512-xk7eMjw4+roWWR/0ETIoToCNs2wdvCGgQUiUO390Rj33/82yxZsh+ODRSaFWkiKp8zHWQN5GCW+U5pfjt/gyQg==
  dependencies:
    glob "7.1.7"

"@next/polyfill-module@12.0.7":
  version "12.0.7"
  resolved "https://registry.yarnpkg.com/@next/polyfill-module/-/polyfill-module-12.0.7.tgz#140e698557113cd3a3c0833f15ca8af1b608f2dc"
  integrity sha512-sA8LAMMlmcspIZw/jeQuJTyA3uGrqOhTBaQE+G9u6DPohqrBFRkaz7RzzJeqXkUXw600occsIBknSjyVd1R67A==

"@next/react-dev-overlay@12.0.7":
  version "12.0.7"
  resolved "https://registry.yarnpkg.com/@next/react-dev-overlay/-/react-dev-overlay-12.0.7.tgz#ae8f9bd14b1786e52330b729ff63061735d21c77"
  integrity sha512-dSQLgpZ5uzyittFtIHlJCLAbc0LlMFbRBSYuGsIlrtGyjYN+WMcnz8lK48VLxNPFGuB/hEzkWV4TW5Zu75+Fzg==
  dependencies:
    "@babel/code-frame" "7.12.11"
    anser "1.4.9"
    chalk "4.0.0"
    classnames "2.2.6"
    css.escape "1.5.1"
    data-uri-to-buffer "3.0.1"
    platform "1.3.6"
    shell-quote "1.7.3"
    source-map "0.8.0-beta.0"
    stacktrace-parser "0.1.10"
    strip-ansi "6.0.1"

"@next/react-refresh-utils@12.0.7":
  version "12.0.7"
  resolved "https://registry.yarnpkg.com/@next/react-refresh-utils/-/react-refresh-utils-12.0.7.tgz#921c403798e188b4f1d9e609283c0e8d3e532f89"
  integrity sha512-Pglj1t+7RxH0txEqVcD8ZxrJgqLDmKvQDqxKq3ZPRWxMv7LTl7FVT2Pnb36QFeBwCvMVl67jxsADKsW0idz8sA==

"@next/swc-android-arm64@12.0.7":
  version "12.0.7"
  resolved "https://registry.yarnpkg.com/@next/swc-android-arm64/-/swc-android-arm64-12.0.7.tgz#9b0a9e4bc646a045eef725764112096f0a6ea204"
  integrity sha512-yViT7EEc7JqxncRT+ZTeTsrAYXLlcefo0Y0eAfYmmalGD2605L4FWAVrJi4WnrSLji7l+veczw1WBmNeHICKKA==

"@next/swc-darwin-arm64@12.0.7":
  version "12.0.7"
  resolved "https://registry.yarnpkg.com/@next/swc-darwin-arm64/-/swc-darwin-arm64-12.0.7.tgz#2fd506dba91e4a35036b9fc7930a4d6b8895f16a"
  integrity sha512-vhAyW2rDEUcQesRVaj0z1hSoz7QhDzzGd0V1/5/5i9YJOfOtyrPsVJ82tlf7BfXl6/Ep+eKNfWVIb5/Jv89EKg==

"@next/swc-darwin-x64@12.0.7":
  version "12.0.7"
  resolved "https://registry.yarnpkg.com/@next/swc-darwin-x64/-/swc-darwin-x64-12.0.7.tgz#b3016503caa5ed5cc6a20051517d5b2a79cfdc58"
  integrity sha512-km+6Rx6TvbraoQ1f0MXa69ol/x0RxzucFGa2OgZaYJERas0spy0iwW8hpASsGcf597D8VRW1x+R2C7ZdjVBSTw==

"@next/swc-linux-arm-gnueabihf@12.0.7":
  version "12.0.7"
  resolved "https://registry.yarnpkg.com/@next/swc-linux-arm-gnueabihf/-/swc-linux-arm-gnueabihf-12.0.7.tgz#8e91ecddc2d6d26946949a67d481110db3063d09"
  integrity sha512-d0zWr877YqZ2cf/DQy6obouaR39r0FPebcXj2nws9AC99m68CO2xVpWv9jT7mFvpY+T40HJisLH80jSZ2iQ9sA==

"@next/swc-linux-arm64-gnu@12.0.7":
  version "12.0.7"
  resolved "https://registry.yarnpkg.com/@next/swc-linux-arm64-gnu/-/swc-linux-arm64-gnu-12.0.7.tgz#1eefcf7b063610315b74e5c7dc24c3437370e49d"
  integrity sha512-fdobh5u6gG13Gd5LkHhJ+W8tF9hbaFolRW99FhzArMe5/nMKlLdBymOxvitE3K4gSFQxbXJA6TbU0Vv0e59Kww==

"@next/swc-linux-arm64-musl@12.0.7":
  version "12.0.7"
  resolved "https://registry.yarnpkg.com/@next/swc-linux-arm64-musl/-/swc-linux-arm64-musl-12.0.7.tgz#e9e764519dfb75e43355c442181346cd6e72459b"
  integrity sha512-vx0c5Q3oIScFNT/4jI9rCe0yPzKuCqWOkiO/OOV0ixSI2gLhbrwDIcdkm79fKVn3i8JOJunxE4zDoFeR/g8xqQ==

"@next/swc-linux-x64-gnu@12.0.7":
  version "12.0.7"
  resolved "https://registry.yarnpkg.com/@next/swc-linux-x64-gnu/-/swc-linux-x64-gnu-12.0.7.tgz#fef02e14ed8f9c114479dabba1475ae2d3bb040d"
  integrity sha512-9ITyp6s6uGVKNx3C/GP7GrYycbcwTADG7TdIXzXUxOOZORrdB1GNg3w/EL3Am4VMPPEpO6v1RfKo2IKZpVKfTA==

"@next/swc-linux-x64-musl@12.0.7":
  version "12.0.7"
  resolved "https://registry.yarnpkg.com/@next/swc-linux-x64-musl/-/swc-linux-x64-musl-12.0.7.tgz#07dc334b1924d9f5a8c4a891b91562af19ff5de4"
  integrity sha512-C+k+cygbIZXYfc+Hx2fNPUBEg7jzio+mniP5ywZevuTXW14zodIfQ3ZMoMJR8EpOVvYpjWFk2uAjiwqgx8vo/g==

"@next/swc-win32-arm64-msvc@12.0.7":
  version "12.0.7"
  resolved "https://registry.yarnpkg.com/@next/swc-win32-arm64-msvc/-/swc-win32-arm64-msvc-12.0.7.tgz#6c559d87ce142693173039a18b1c1d65519762dd"
  integrity sha512-7jTRjOKkDVnb5s7VoHT7eX+eyT/5BQJ/ljP2G56riAgKGqPL63/V7FXemLhhLT67D+OjoP8DRA2E2ne6IPHk4w==

"@next/swc-win32-ia32-msvc@12.0.7":
  version "12.0.7"
  resolved "https://registry.yarnpkg.com/@next/swc-win32-ia32-msvc/-/swc-win32-ia32-msvc-12.0.7.tgz#16b23f2301b16877b3623f0e8364e8177e2ef7db"
  integrity sha512-2u5pGDsk7H6gGxob2ATIojzlwKzgYsrijo7RRpXOiPePVqwPWg6/pmhaJzLdpfjaBgRg1NFmwSp/7Ump9X8Ijg==

"@next/swc-win32-x64-msvc@12.0.7":
  version "12.0.7"
  resolved "https://registry.yarnpkg.com/@next/swc-win32-x64-msvc/-/swc-win32-x64-msvc-12.0.7.tgz#8d75d3b6a872ab97ab73e3b4173d56dbb2991917"
  integrity sha512-frEWtbf+q8Oz4e2UqKJrNssk6DZ6/NLCQXn5/ORWE9dPAfe9XS6aK5FRZ6DuEPmmKd5gOoRkKJFFz5nYd+TeyQ==

"@nodelib/fs.scandir@2.1.5":
  version "2.1.5"
  resolved "https://registry.yarnpkg.com/@nodelib/fs.scandir/-/fs.scandir-2.1.5.tgz#7619c2eb21b25483f6d167548b4cfd5a7488c3d5"
  integrity sha512-vq24Bq3ym5HEQm2NKCr3yXDwjc7vTsEThRDnkp2DK9p1uqLR+DHurm/NOTo0KG7HYHU7eppKZj3MyqYuMBf62g==
  dependencies:
    "@nodelib/fs.stat" "2.0.5"
    run-parallel "^1.1.9"

"@nodelib/fs.stat@2.0.5", "@nodelib/fs.stat@^2.0.2":
  version "2.0.5"
  resolved "https://registry.yarnpkg.com/@nodelib/fs.stat/-/fs.stat-2.0.5.tgz#5bd262af94e9d25bd1e71b05deed44876a222e8b"
  integrity sha512-RkhPPp2zrqDAQA/2jNhnztcPAlv64XdhIp7a7454A5ovI7Bukxgt7MX7udwAu3zg1DcpPU0rz3VV1SeaqvY4+A==

"@nodelib/fs.walk@^1.2.3":
  version "1.2.8"
  resolved "https://registry.yarnpkg.com/@nodelib/fs.walk/-/fs.walk-1.2.8.tgz#e95737e8bb6746ddedf69c556953494f196fe69a"
  integrity sha512-oGB+UxlgWcgQkgwo8GcEGwemoTFt3FIO9ababBmaGwXIoBKZ+GTy0pP185beGg7Llih/NSHSV2XAs1lnznocSg==
  dependencies:
    "@nodelib/fs.scandir" "2.1.5"
    fastq "^1.6.0"

"@polka/url@^1.0.0-next.20":
  version "1.0.0-next.21"
  resolved "https://registry.yarnpkg.com/@polka/url/-/url-1.0.0-next.21.tgz#5de5a2385a35309427f6011992b544514d559aa1"
  integrity sha512-a5Sab1C4/icpTZVzZc5Ghpz88yQtGOyNqYXcZgOssB2uuAr+wF/MvN6bgtW32q7HHrvBki+BsZ0OuNv6EV3K9g==
"@rushstack/eslint-patch@^1.0.8":
  version "1.1.0"
  resolved "https://registry.yarnpkg.com/@rushstack/eslint-patch/-/eslint-patch-1.1.0.tgz#7f698254aadf921e48dda8c0a6b304026b8a9323"
  integrity sha512-JLo+Y592QzIE+q7Dl2pMUtt4q8SKYI5jDrZxrozEQxnGVOyYE+GWK9eLkwTaeN9DDctlaRAQ3TBmzZ1qdLE30A==

"@testing-library/dom@^8.0.0":
  version "8.11.1"
  resolved "https://registry.yarnpkg.com/@testing-library/dom/-/dom-8.11.1.tgz#03fa2684aa09ade589b460db46b4c7be9fc69753"
  integrity sha512-3KQDyx9r0RKYailW2MiYrSSKEfH0GTkI51UGEvJenvcoDoeRYs0PZpi2SXqtnMClQvCqdtTTpOfFETDTVADpAg==
  dependencies:
    "@babel/code-frame" "^7.10.4"
    "@babel/runtime" "^7.12.5"
    "@types/aria-query" "^4.2.0"
    aria-query "^5.0.0"
    chalk "^4.1.0"
    dom-accessibility-api "^0.5.9"
    lz-string "^1.4.4"
    pretty-format "^27.0.2"

"@testing-library/react@*":
  version "12.1.2"
  resolved "https://registry.yarnpkg.com/@testing-library/react/-/react-12.1.2.tgz#f1bc9a45943461fa2a598bb4597df1ae044cfc76"
  integrity sha512-ihQiEOklNyHIpo2Y8FREkyD1QAea054U0MVbwH1m8N9TxeFz+KoJ9LkqoKqJlzx2JDm56DVwaJ1r36JYxZM05g==
  dependencies:
    "@babel/runtime" "^7.12.5"
    "@testing-library/dom" "^8.0.0"

"@tryghost/content-api@^1.5.16":
  version "1.5.16"
  resolved "https://registry.yarnpkg.com/@tryghost/content-api/-/content-api-1.5.16.tgz#04acdbcd68d279add06673d504fe47fb2e3c04ff"
  integrity sha512-yyXEHATi0Ew0hj9rLbOYFDrO0+y+Bh1yTqrxskUmpD51gmVQWffTM8YlKikyfaw/G29WoV4vvyGmsTf4a8ljFg==
  dependencies:
    axios "^0.21.1"

"@types/aria-query@^4.2.0":
  version "4.2.2"
  resolved "https://registry.yarnpkg.com/@types/aria-query/-/aria-query-4.2.2.tgz#ed4e0ad92306a704f9fb132a0cfcf77486dbe2bc"
  integrity sha512-HnYpAE1Y6kRyKM/XkEuiRQhTHvkzMBurTHnpFLYLBGPIylZNPs9jJcuOOYWxPLJCSEtmZT0Y8rHDokKN7rRTig==

"@types/cheerio@^0.22.30":
  version "0.22.30"
  resolved "https://registry.yarnpkg.com/@types/cheerio/-/cheerio-0.22.30.tgz#6c1ded70d20d890337f0f5144be2c5e9ce0936e6"
  integrity sha512-t7ZVArWZlq3dFa9Yt33qFBQIK4CQd1Q3UJp0V+UhP6vgLWLM6Qug7vZuRSGXg45zXeB1Fm5X2vmBkEX58LV2Tw==
  dependencies:
    "@types/node" "*"

"@types/hast@^2.0.0":
  version "2.3.4"
  resolved "https://registry.yarnpkg.com/@types/hast/-/hast-2.3.4.tgz#8aa5ef92c117d20d974a82bdfb6a648b08c0bafc"
  integrity sha512-wLEm0QvaoawEDoTRwzTXp4b4jpwiJDvR5KMnFnVodm3scufTlBOWRD6N1OBf9TZMhjlNsSfcO5V+7AF4+Vy+9g==
  dependencies:
    "@types/unist" "*"

"@types/hoist-non-react-statics@*":
  version "3.3.1"
  resolved "https://registry.yarnpkg.com/@types/hoist-non-react-statics/-/hoist-non-react-statics-3.3.1.tgz#1124aafe5118cb591977aeb1ceaaed1070eb039f"
  integrity sha512-iMIqiko6ooLrTh1joXodJK5X9xeEALT1kM5G3ZLhD3hszxBdIEd5C75U834D9mLcINgD4OyZf5uQXjkuYydWvA==
  dependencies:
    "@types/react" "*"
    hoist-non-react-statics "^3.3.0"

"@types/istanbul-lib-coverage@*", "@types/istanbul-lib-coverage@^2.0.0":
  version "2.0.3"
  resolved "https://registry.yarnpkg.com/@types/istanbul-lib-coverage/-/istanbul-lib-coverage-2.0.3.tgz#4ba8ddb720221f432e443bd5f9117fd22cfd4762"
  integrity sha512-sz7iLqvVUg1gIedBOvlkxPlc8/uVzyS5OwGz1cKjXzkl3FpL3al0crU8YGU1WoHkxn0Wxbw5tyi6hvzJKNzFsw==

"@types/istanbul-lib-report@*":
  version "3.0.0"
  resolved "https://registry.yarnpkg.com/@types/istanbul-lib-report/-/istanbul-lib-report-3.0.0.tgz#c14c24f18ea8190c118ee7562b7ff99a36552686"
  integrity sha512-plGgXAPfVKFoYfa9NpYDAkseG+g6Jr294RqeqcqDixSbU34MZVJRi/P+7Y8GDpzkEwLaGZZOpKIEmeVZNtKsrg==
  dependencies:
    "@types/istanbul-lib-coverage" "*"

"@types/istanbul-reports@^3.0.0":
  version "3.0.1"
  resolved "https://registry.yarnpkg.com/@types/istanbul-reports/-/istanbul-reports-3.0.1.tgz#9153fe98bba2bd565a63add9436d6f0d7f8468ff"
  integrity sha512-c3mAZEuK0lvBp8tmuL74XRKn1+y2dcwOUpH7x4WrF6gk1GIgiluDRgMYQtw2OFcBvAJWlt6ASU3tSqxp0Uu0Aw==
  dependencies:
    "@types/istanbul-lib-report" "*"

"@types/json-schema@^7.0.9":
  version "7.0.9"
  resolved "https://registry.yarnpkg.com/@types/json-schema/-/json-schema-7.0.9.tgz#97edc9037ea0c38585320b28964dde3b39e4660d"
  integrity sha512-qcUXuemtEu+E5wZSJHNxUXeCZhAfXKQ41D+duX+VYPde7xyEVZci+/oXKJL13tnRs9lR2pr4fod59GT6/X1/yQ==

"@types/json5@^0.0.29":
  version "0.0.29"
  resolved "https://registry.yarnpkg.com/@types/json5/-/json5-0.0.29.tgz#ee28707ae94e11d2b827bcbe5270bcea7f3e71ee"
  integrity sha1-7ihweulOEdK4J7y+UnC86n8+ce4=


"@types/lodash@^4.14.178":
  version "4.14.178"
  resolved "https://registry.yarnpkg.com/@types/lodash/-/lodash-4.14.178.tgz#341f6d2247db528d4a13ddbb374bcdc80406f4f8"
  integrity sha512-0d5Wd09ItQWH1qFbEyQ7oTQ3GZrMfth5JkbN3EvTKLXcHLRDSXeLnlvlOn0wvxVIwK5o2M8JzP/OWz7T3NRsbw==

"@types/node@*":
  version "16.11.12"
  resolved "https://registry.yarnpkg.com/@types/node/-/node-16.11.12.tgz#ac7fb693ac587ee182c3780c26eb65546a1a3c10"
  integrity sha512-+2Iggwg7PxoO5Kyhvsq9VarmPbIelXP070HMImEpbtGCoyWNINQj4wzjbQCXzdHTRXnqufutJb5KAURZANNBAw==

"@types/node@^17.0.2":
  version "17.0.2"
  resolved "https://registry.yarnpkg.com/@types/node/-/node-17.0.2.tgz#a4c07d47ff737e8ee7e586fe636ff0e1ddff070a"
  integrity sha512-JepeIUPFDARgIs0zD/SKPgFsJEAF0X5/qO80llx59gOxFTboS9Amv3S+QfB7lqBId5sFXJ99BN0J6zFRvL9dDA==

"@types/nodemailer@^6.4.4":
  version "6.4.4"
  resolved "https://registry.yarnpkg.com/@types/nodemailer/-/nodemailer-6.4.4.tgz#c265f7e7a51df587597b3a49a023acaf0c741f4b"
  integrity sha512-Ksw4t7iliXeYGvIQcSIgWQ5BLuC/mljIEbjf615svhZL10PE9t+ei8O9gDaD3FPCasUJn9KTLwz2JFJyiiyuqw==
  dependencies:
    "@types/node" "*"

"@types/parse5@^5.0.0":
  version "5.0.3"
  resolved "https://registry.yarnpkg.com/@types/parse5/-/parse5-5.0.3.tgz#e7b5aebbac150f8b5fdd4a46e7f0bd8e65e19109"
  integrity sha512-kUNnecmtkunAoQ3CnjmMkzNU/gtxG8guhi+Fk2U/kOpIKjIMKnXGp4IJCgQJrXSgMsWYimYG4TGjz/UzbGEBTw==

"@types/prismjs@*":
  version "1.16.6"
  resolved "https://registry.yarnpkg.com/@types/prismjs/-/prismjs-1.16.6.tgz#377054f72f671b36dbe78c517ce2b279d83ecc40"
  integrity sha512-dTvnamRITNqNkqhlBd235kZl3KfVJQQoT5jkXeiWSBK7i4/TLKBNLV0S1wOt8gy4E2TY722KLtdmv2xc6+Wevg==

"@types/prop-types@*":
  version "15.7.4"
  resolved "https://registry.yarnpkg.com/@types/prop-types/-/prop-types-15.7.4.tgz#fcf7205c25dff795ee79af1e30da2c9790808f11"
  integrity sha512-rZ5drC/jWjrArrS8BR6SIr4cWpW09RNTYt9AMZo3Jwwif+iacXAqgVjm0B0Bv/S1jhDXKHqRVNCbACkJ89RAnQ==


"@types/react@*", "@types/react@^17.0.37":
  version "17.0.37"
  resolved "https://registry.yarnpkg.com/@types/react/-/react-17.0.37.tgz#6884d0aa402605935c397ae689deed115caad959"
  integrity sha512-2FS1oTqBGcH/s0E+CjrCCR9+JMpsu9b69RTFO+40ua43ZqP5MmQ4iUde/dMjWR909KxZwmOQIFq6AV6NjEG5xg==

  dependencies:
    "@types/prop-types" "*"
    "@types/scheduler" "*"
    csstype "^3.0.2"

"@types/refractor@^3.0.2":
  version "3.0.2"
  resolved "https://registry.yarnpkg.com/@types/refractor/-/refractor-3.0.2.tgz#2d42128d59f78f84d2c799ffc5ab5cadbcba2d82"
  integrity sha512-2HMXuwGuOqzUG+KUTm9GDJCHl0LCBKsB5cg28ujEmVi/0qgTb6jOmkVSO5K48qXksyl2Fr3C0Q2VrgD4zbwyXg==
  dependencies:
    "@types/prismjs" "*"

"@types/rss@^0.0.29":
  version "0.0.29"
  resolved "https://registry.yarnpkg.com/@types/rss/-/rss-0.0.29.tgz#1f2b37a863021c56398bf913fd02efad484123c8"
  integrity sha512-9hAYKyOcoxWqkJMue6bi0fcNXxjJiRutVvqyImy732LmTCxRz9BYPmSmujG7uddK0ZEP/35K3QVZ0sfAVyPnQw==

"@types/sanitize-html@^2.6.0":
  version "2.6.0"
  resolved "https://registry.yarnpkg.com/@types/sanitize-html/-/sanitize-html-2.6.0.tgz#442f845a6cd793d3b1bcb54b4b1905947b409526"
  integrity sha512-5F2j1f2NITsZQPrGmrw4AH5Wfud81aqvUTNC7a1SrE8aa6fKyKVVX5FZxoRQYrBdqIDluyQGfkkj97faUqq7sw==
  dependencies:
    htmlparser2 "^6.0.0"

"@types/scheduler@*":
  version "0.16.2"
  resolved "https://registry.yarnpkg.com/@types/scheduler/-/scheduler-0.16.2.tgz#1a62f89525723dde24ba1b01b092bf5df8ad4d39"
  integrity sha512-hppQEBDmlwhFAXKJX2KnWLYu5yMfi91yazPb2l+lbJiwW+wdo1gNeRA+3RgNSO39WYX2euey41KEwnqesU2Jew==


"@types/styled-components@^5.1.18":
  version "5.1.18"
  resolved "https://registry.yarnpkg.com/@types/styled-components/-/styled-components-5.1.18.tgz#1c361130f76a52f1cb4851c2a32aa328267e5b78"
  integrity sha512-xPTYmWP7Mxk5TAD3pYsqjwA9G5fAI8e/S51QUJEl7EQD1siKCdiYXIWiH2lzoHRl+QqbQCJMcGv3YTF3OmyPdQ==

  dependencies:
    "@types/hoist-non-react-statics" "*"
    "@types/react" "*"
    csstype "^3.0.2"

"@types/testing-library__react@^10.2.0":
  version "10.2.0"
  resolved "https://registry.yarnpkg.com/@types/testing-library__react/-/testing-library__react-10.2.0.tgz#8234be1248ce6728b33922507cfe1224886ede8e"
  integrity sha512-KbU7qVfEwml8G5KFxM+xEfentAAVj/SOQSjW0+HqzjPE0cXpt0IpSamfX4jGYCImznDHgQcfXBPajS7HjLZduw==
  dependencies:
    "@testing-library/react" "*"

"@types/tryghost__content-api@^1.3.8":
  version "1.3.8"
  resolved "https://registry.yarnpkg.com/@types/tryghost__content-api/-/tryghost__content-api-1.3.8.tgz#9755390de7caf00105dec5098fe9babe94b3ae7c"
  integrity sha512-P60+dKK2cT3ZwD4Y9idvmQm1xCbJZFqbDjZTneyLGpHtD4rCLXROBHP8Hp+Kb1LUlusL6etoA+MWlOP5hM6oag==

"@types/unist@*", "@types/unist@^2.0.0", "@types/unist@^2.0.2", "@types/unist@^2.0.3":
  version "2.0.6"
  resolved "https://registry.yarnpkg.com/@types/unist/-/unist-2.0.6.tgz#250a7b16c3b91f672a24552ec64678eeb1d3a08d"
  integrity sha512-PBjIUxZHOuj0R15/xuwJYjFi+KZdNFrehocChv4g5hu6aFroHue8m0lBP0POdK2nKzbw0cgV1mws8+V/JAcEkQ==

"@types/yargs-parser@*":
  version "20.2.1"
  resolved "https://registry.yarnpkg.com/@types/yargs-parser/-/yargs-parser-20.2.1.tgz#3b9ce2489919d9e4fea439b76916abc34b2df129"
  integrity sha512-7tFImggNeNBVMsn0vLrpn1H1uPrUBdnARPTpZoitY37ZrdJREzf7I16tMrlK3hen349gr1NYh8CmZQa7CTG6Aw==

"@types/yargs@^16.0.0":
  version "16.0.4"
  resolved "https://registry.yarnpkg.com/@types/yargs/-/yargs-16.0.4.tgz#26aad98dd2c2a38e421086ea9ad42b9e51642977"
  integrity sha512-T8Yc9wt/5LbJyCaLiHPReJa0kApcIgJ7Bn735GjItUfh08Z1pJvu8QZqb9s+mMvKV6WUQRV7K2R46YbjMXTTJw==
  dependencies:
    "@types/yargs-parser" "*"

"@typescript-eslint/eslint-plugin@^5.8.0":
  version "5.8.0"
  resolved "https://registry.yarnpkg.com/@typescript-eslint/eslint-plugin/-/eslint-plugin-5.8.0.tgz#52cd9305ceef98a5333f9492d519e6c6c7fe7d43"
  integrity sha512-spu1UW7QuBn0nJ6+psnfCc3iVoQAifjKORgBngKOmC8U/1tbe2YJMzYQqDGYB4JCss7L8+RM2kKLb1B1Aw9BNA==
  dependencies:
    "@typescript-eslint/experimental-utils" "5.8.0"
    "@typescript-eslint/scope-manager" "5.8.0"
    debug "^4.3.2"
    functional-red-black-tree "^1.0.1"
    ignore "^5.1.8"
    regexpp "^3.2.0"
    semver "^7.3.5"
    tsutils "^3.21.0"

"@typescript-eslint/experimental-utils@5.8.0":
  version "5.8.0"
  resolved "https://registry.yarnpkg.com/@typescript-eslint/experimental-utils/-/experimental-utils-5.8.0.tgz#0916ffe98d34b3c95e3652efa0cace61a7b25728"
  integrity sha512-KN5FvNH71bhZ8fKtL+lhW7bjm7cxs1nt+hrDZWIqb6ViCffQcWyLunGrgvISgkRojIDcXIsH+xlFfI4RCDA0xA==
  dependencies:
    "@types/json-schema" "^7.0.9"
    "@typescript-eslint/scope-manager" "5.8.0"
    "@typescript-eslint/types" "5.8.0"
    "@typescript-eslint/typescript-estree" "5.8.0"
    eslint-scope "^5.1.1"
    eslint-utils "^3.0.0"

"@typescript-eslint/parser@^5.0.0":
  version "5.6.0"
  resolved "https://registry.yarnpkg.com/@typescript-eslint/parser/-/parser-5.6.0.tgz#11677324659641400d653253c03dcfbed468d199"
  integrity sha512-YVK49NgdUPQ8SpCZaOpiq1kLkYRPMv9U5gcMrywzI8brtwZjr/tG3sZpuHyODt76W/A0SufNjYt9ZOgrC4tLIQ==
  dependencies:
    "@typescript-eslint/scope-manager" "5.6.0"
    "@typescript-eslint/types" "5.6.0"
    "@typescript-eslint/typescript-estree" "5.6.0"
    debug "^4.3.2"

"@typescript-eslint/parser@^5.8.0":
  version "5.8.0"
  resolved "https://registry.yarnpkg.com/@typescript-eslint/parser/-/parser-5.8.0.tgz#b39970b21c1d7bc4a6018507fb29b380328d2587"
  integrity sha512-Gleacp/ZhRtJRYs5/T8KQR3pAQjQI89Dn/k+OzyCKOsLiZH2/Vh60cFBTnFsHNI6WAD+lNUo/xGZ4NeA5u0Ipw==
  dependencies:
    "@typescript-eslint/scope-manager" "5.8.0"
    "@typescript-eslint/types" "5.8.0"
    "@typescript-eslint/typescript-estree" "5.8.0"
    debug "^4.3.2"

"@typescript-eslint/scope-manager@5.6.0":
  version "5.6.0"
  resolved "https://registry.yarnpkg.com/@typescript-eslint/scope-manager/-/scope-manager-5.6.0.tgz#9dd7f007dc8f3a34cdff6f79f5eaab27ae05157e"
  integrity sha512-1U1G77Hw2jsGWVsO2w6eVCbOg0HZ5WxL/cozVSTfqnL/eB9muhb8THsP0G3w+BB5xAHv9KptwdfYFAUfzcIh4A==
  dependencies:
    "@typescript-eslint/types" "5.6.0"
    "@typescript-eslint/visitor-keys" "5.6.0"

"@typescript-eslint/scope-manager@5.8.0":
  version "5.8.0"
  resolved "https://registry.yarnpkg.com/@typescript-eslint/scope-manager/-/scope-manager-5.8.0.tgz#2371095b4fa4c7be6a80b380f4e1b49c715e16f4"
  integrity sha512-x82CYJsLOjPCDuFFEbS6e7K1QEWj7u5Wk1alw8A+gnJiYwNnDJk0ib6PCegbaPMjrfBvFKa7SxE3EOnnIQz2Gg==
  dependencies:
    "@typescript-eslint/types" "5.8.0"
    "@typescript-eslint/visitor-keys" "5.8.0"

"@typescript-eslint/types@5.6.0":
  version "5.6.0"
  resolved "https://registry.yarnpkg.com/@typescript-eslint/types/-/types-5.6.0.tgz#745cb1b59daadcc1f32f7be95f0f68accf38afdd"
  integrity sha512-OIZffked7mXv4mXzWU5MgAEbCf9ecNJBKi+Si6/I9PpTaj+cf2x58h2oHW5/P/yTnPkKaayfjhLvx+crnl5ubA==

"@typescript-eslint/types@5.8.0":
  version "5.8.0"
  resolved "https://registry.yarnpkg.com/@typescript-eslint/types/-/types-5.8.0.tgz#e7fa74ec35d9dbe3560d039d3d8734986c3971e0"
  integrity sha512-LdCYOqeqZWqCMOmwFnum6YfW9F3nKuxJiR84CdIRN5nfHJ7gyvGpXWqL/AaW0k3Po0+wm93ARAsOdzlZDPCcXg==

"@typescript-eslint/typescript-estree@5.6.0":
  version "5.6.0"
  resolved "https://registry.yarnpkg.com/@typescript-eslint/typescript-estree/-/typescript-estree-5.6.0.tgz#dfbb19c9307fdd81bd9c650c67e8397821d7faf0"
  integrity sha512-92vK5tQaE81rK7fOmuWMrSQtK1IMonESR+RJR2Tlc7w4o0MeEdjgidY/uO2Gobh7z4Q1hhS94Cr7r021fMVEeA==
  dependencies:
    "@typescript-eslint/types" "5.6.0"
    "@typescript-eslint/visitor-keys" "5.6.0"
    debug "^4.3.2"
    globby "^11.0.4"
    is-glob "^4.0.3"
    semver "^7.3.5"
    tsutils "^3.21.0"

"@typescript-eslint/typescript-estree@5.8.0":
  version "5.8.0"
  resolved "https://registry.yarnpkg.com/@typescript-eslint/typescript-estree/-/typescript-estree-5.8.0.tgz#900469ba9d5a37f4482b014ecce4a5dbb86cb4dd"
  integrity sha512-srfeZ3URdEcUsSLbkOFqS7WoxOqn8JNil2NSLO9O+I2/Uyc85+UlfpEvQHIpj5dVts7KKOZnftoJD/Fdv0L7nQ==
  dependencies:
    "@typescript-eslint/types" "5.8.0"
    "@typescript-eslint/visitor-keys" "5.8.0"
    debug "^4.3.2"
    globby "^11.0.4"
    is-glob "^4.0.3"
    semver "^7.3.5"
    tsutils "^3.21.0"

"@typescript-eslint/visitor-keys@5.6.0":
  version "5.6.0"
  resolved "https://registry.yarnpkg.com/@typescript-eslint/visitor-keys/-/visitor-keys-5.6.0.tgz#3e36509e103fe9713d8f035ac977235fd63cb6e6"
  integrity sha512-1p7hDp5cpRFUyE3+lvA74egs+RWSgumrBpzBCDzfTFv0aQ7lIeay80yU0hIxgAhwQ6PcasW35kaOCyDOv6O/Ng==
  dependencies:
    "@typescript-eslint/types" "5.6.0"
    eslint-visitor-keys "^3.0.0"

"@typescript-eslint/visitor-keys@5.8.0":
  version "5.8.0"
  resolved "https://registry.yarnpkg.com/@typescript-eslint/visitor-keys/-/visitor-keys-5.8.0.tgz#22d4ed96fe2451135299239feedb9fe1dcec780c"
  integrity sha512-+HDIGOEMnqbxdAHegxvnOqESUH6RWFRR2b8qxP1W9CZnnYh4Usz6MBL+2KMAgPk/P0o9c1HqnYtwzVH6GTIqug==
  dependencies:
    "@typescript-eslint/types" "5.8.0"
    eslint-visitor-keys "^3.0.0"

"@zeit/schemas@2.6.0":
  version "2.6.0"
  resolved "https://registry.yarnpkg.com/@zeit/schemas/-/schemas-2.6.0.tgz#004e8e553b4cd53d538bd38eac7bcbf58a867fe3"
  integrity sha512-uUrgZ8AxS+Lio0fZKAipJjAh415JyrOZowliZAzmnJSsf7piVL5w+G0+gFJ0KSu3QRhvui/7zuvpLz03YjXAhg==

accepts@~1.3.5:
  version "1.3.7"
  resolved "https://registry.yarnpkg.com/accepts/-/accepts-1.3.7.tgz#531bc726517a3b2b41f850021c6cc15eaab507cd"
  integrity sha512-Il80Qs2WjYlJIBNzNkK6KYqlVMTbZLXgHx2oT0pU/fjRHyEp+PEfEPY0R3WCwAGVOtauxh1hOxNgIf5bv7dQpA==
  dependencies:
    mime-types "~2.1.24"
    negotiator "0.6.2"

acorn-jsx@^5.3.1:
  version "5.3.2"
  resolved "https://registry.yarnpkg.com/acorn-jsx/-/acorn-jsx-5.3.2.tgz#7ed5bb55908b3b2f1bc55c6af1653bada7f07937"
  integrity sha512-rq9s+JNhf0IChjtDXxllJ7g41oZk5SlXtp0LHwyA5cejwn7vKmKp4pPri6YEePv2PU65sAsegbXtIinmDFDXgQ==

acorn-walk@^8.0.0:
  version "8.2.0"
  resolved "https://registry.yarnpkg.com/acorn-walk/-/acorn-walk-8.2.0.tgz#741210f2e2426454508853a2f44d0ab83b7f69c1"
  integrity sha512-k+iyHEuPgSw6SbuDpGQM+06HQUa04DZ3o+F6CSzXMvvI5KMvnaEqXe+YVe555R9nn6GPt404fos4wcgpw12SDA==

acorn@^7.4.0:
  version "7.4.1"
  resolved "https://registry.yarnpkg.com/acorn/-/acorn-7.4.1.tgz#feaed255973d2e77555b83dbc08851a6c63520fa"
  integrity sha512-nQyp0o1/mNdbTO1PO6kHkwSrmgZ0MT/jCCpNiwbUjGoRN4dlBhqJtoQuCnEOKzgTVwg0ZWiCoQy6SxMebQVh8A==

acorn@^8.0.4:
  version "8.6.0"
  resolved "https://registry.yarnpkg.com/acorn/-/acorn-8.6.0.tgz#e3692ba0eb1a0c83eaa4f37f5fa7368dd7142895"
  integrity sha512-U1riIR+lBSNi3IbxtaHOIKdH8sLFv3NYfNv8sg7ZsNhcfl4HF2++BfqqrNAxoCLQW1iiylOj76ecnaUxz+z9yw==

ajv@6.12.6, ajv@^6.10.0, ajv@^6.12.4:
  version "6.12.6"
  resolved "https://registry.yarnpkg.com/ajv/-/ajv-6.12.6.tgz#baf5a62e802b07d977034586f8c3baf5adf26df4"
  integrity sha512-j3fVLgvTo527anyYyJOGTYJbG+vnnQYvE0m5mmkc1TK+nxAppkCLMIL0aZ4dblVCNoGShhm+kzE4ZUykBoMg4g==
  dependencies:
    fast-deep-equal "^3.1.1"
    fast-json-stable-stringify "^2.0.0"
    json-schema-traverse "^0.4.1"
    uri-js "^4.2.2"

ajv@^8.0.1:
  version "8.8.2"
  resolved "https://registry.yarnpkg.com/ajv/-/ajv-8.8.2.tgz#01b4fef2007a28bf75f0b7fc009f62679de4abbb"
  integrity sha512-x9VuX+R/jcFj1DHo/fCp99esgGDWiHENrKxaCENuCxpoMCmAt/COCGVDwA7kleEpEzJjDnvh3yGoOuLu0Dtllw==
  dependencies:
    fast-deep-equal "^3.1.1"
    json-schema-traverse "^1.0.0"
    require-from-string "^2.0.2"
    uri-js "^4.2.2"

anser@1.4.9:
  version "1.4.9"
  resolved "https://registry.yarnpkg.com/anser/-/anser-1.4.9.tgz#1f85423a5dcf8da4631a341665ff675b96845760"
  integrity sha512-AI+BjTeGt2+WFk4eWcqbQ7snZpDBt8SaLlj0RT2h5xfdWaiy51OjYvqwMrNzJLGy8iOAL6nKDITWO+rd4MkYEA==

ansi-align@^2.0.0:
  version "2.0.0"
  resolved "https://registry.yarnpkg.com/ansi-align/-/ansi-align-2.0.0.tgz#c36aeccba563b89ceb556f3690f0b1d9e3547f7f"
  integrity sha1-w2rsy6VjuJzrVW82kPCx2eNUf38=
  dependencies:
    string-width "^2.0.0"

ansi-colors@^4.1.1:
  version "4.1.1"
  resolved "https://registry.yarnpkg.com/ansi-colors/-/ansi-colors-4.1.1.tgz#cbb9ae256bf750af1eab344f229aa27fe94ba348"
  integrity sha512-JoX0apGbHaUJBNl6yF+p6JAFYZ666/hhCGKN5t9QFjbJQKUU/g8MNbFDbvfrgKXvI1QpZplPOnwIo99lX/AAmA==


ansi-regex@^2.0.0:
  version "2.1.1"
  resolved "https://registry.yarnpkg.com/ansi-regex/-/ansi-regex-2.1.1.tgz#c3b33ab5ee360d86e0e628f0468ae7ef27d654df"
  integrity sha1-w7M6te42DYbg5ijwRorn7yfWVN8=

ansi-regex@^5.0.1:
  version "5.0.1"
  resolved "https://registry.yarnpkg.com/ansi-regex/-/ansi-regex-5.0.1.tgz#082cb2c89c9fe8659a311a53bd6a4dc5301db304"
  integrity sha512-quJQXlTSUGL2LH9SUXo8VwsY4soanhgo6LNSm84E1LBcE8s3O0wpdiRzyR9z/ZZJMlMWv37qOOb9pdJlMUEKFQ==

ansi-styles@^3.2.1:
  version "3.2.1"
  resolved "https://registry.yarnpkg.com/ansi-styles/-/ansi-styles-3.2.1.tgz#41fbb20243e50b12be0f04b8dedbf07520ce841d"
  integrity sha512-VT0ZI6kZRdTh8YyJw3SMbYm/u+NqfsAxEpWO0Pf9sq8/e94WxxOpPKx9FR1FlyCtOVDNOQ+8ntlqFxiRc+r5qA==
  dependencies:
    color-convert "^1.9.0"

ansi-styles@^4.0.0, ansi-styles@^4.1.0:
  version "4.3.0"
  resolved "https://registry.yarnpkg.com/ansi-styles/-/ansi-styles-4.3.0.tgz#edd803628ae71c04c85ae7a0906edad34b648937"
  integrity sha512-zbB9rCJAT1rbjiVDb2hqKFHNYLxgtk8NURxZ3IZwD3F6NtxbXZQCnnSi1Lkx+IDohdPlFp222wVALIheZJQSEg==
  dependencies:
    color-convert "^2.0.1"

ansi-styles@^5.0.0:
  version "5.2.0"
  resolved "https://registry.yarnpkg.com/ansi-styles/-/ansi-styles-5.2.0.tgz#07449690ad45777d1924ac2abb2fc8895dba836b"
  integrity sha512-Cxwpt2SfTzTtXcfOlzGEee8O+c+MmUgGrNiBcXnuWxuFJHe6a5Hz7qwhwe5OgaSYI0IJvkLqWX1ASG+cJOkEiA==

anymatch@~3.1.1:
  version "3.1.2"
  resolved "https://registry.yarnpkg.com/anymatch/-/anymatch-3.1.2.tgz#c0557c096af32f106198f4f4e2a383537e378716"
  integrity sha512-P43ePfOAIupkguHUycrc4qJ9kz8ZiuOUijaETwX7THt0Y/GNK7v0aa8rY816xWjZ7rJdA5XdMcpVFTKMq+RvWg==
  dependencies:
    normalize-path "^3.0.0"
    picomatch "^2.0.4"


aproba@^1.0.3:
  version "1.2.0"
  resolved "https://registry.yarnpkg.com/aproba/-/aproba-1.2.0.tgz#6802e6264efd18c790a1b0d517f0f2627bf2c94a"
  integrity sha512-Y9J6ZjXtoYh8RnXVCMOU/ttDmk1aBjunq9vO0ta5x85WDQiQfUF9sIPBITdbiiIVcBo03Hi3jMxigBtsddlXRw==

are-we-there-yet@~1.1.2:
  version "1.1.7"
  resolved "https://registry.yarnpkg.com/are-we-there-yet/-/are-we-there-yet-1.1.7.tgz#b15474a932adab4ff8a50d9adfa7e4e926f21146"
  integrity sha512-nxwy40TuMiUGqMyRHgCSWZ9FM4VAoRP4xUYSTv5ImRog+h9yISPbVH7H8fASCIzYn9wlEv4zvFL7uKDMCFQm3g==
  dependencies:
    delegates "^1.0.0"
    readable-stream "^2.0.6"

argparse@^1.0.7:
  version "1.0.10"
  resolved "https://registry.yarnpkg.com/argparse/-/argparse-1.0.10.tgz#bcd6791ea5ae09725e17e5ad988134cd40b3d911"
  integrity sha512-o5Roy6tNG4SL/FOkCAN6RzjiakZS25RLYFrcMttJqbdd8BWrnA+fGz57iN5Pb06pvBGvl5gQ0B48dJlslXvoTg==
  dependencies:
    sprintf-js "~1.0.2"

aria-query@^4.2.2:
  version "4.2.2"
  resolved "https://registry.yarnpkg.com/aria-query/-/aria-query-4.2.2.tgz#0d2ca6c9aceb56b8977e9fed6aed7e15bbd2f83b"
  integrity sha512-o/HelwhuKpTj/frsOsbNLNgnNGVIFsVP/SW2BSF14gVl7kAfMOJ6/8wUAUvG1R1NHKrfG+2sHZTu0yauT1qBrA==
  dependencies:
    "@babel/runtime" "^7.10.2"
    "@babel/runtime-corejs3" "^7.10.2"

aria-query@^5.0.0:
  version "5.0.0"
  resolved "https://registry.yarnpkg.com/aria-query/-/aria-query-5.0.0.tgz#210c21aaf469613ee8c9a62c7f86525e058db52c"
  integrity sha512-V+SM7AbUwJ+EBnB8+DXs0hPZHO0W6pqBcc0dW90OwtVG02PswOu/teuARoLQjdDOH+t9pJgGnW5/Qmouf3gPJg==


array-includes@^3.1.3, array-includes@^3.1.4:
  version "3.1.4"
  resolved "https://registry.yarnpkg.com/array-includes/-/array-includes-3.1.4.tgz#f5b493162c760f3539631f005ba2bb46acb45ba9"
  integrity sha512-ZTNSQkmWumEbiHO2GF4GmWxYVTiQyJy2XOTa15sdQSrvKn7l+180egQMqlrMOUMCyLMD7pmyQe4mMDUT6Behrw==
  dependencies:
    call-bind "^1.0.2"
    define-properties "^1.1.3"
    es-abstract "^1.19.1"
    get-intrinsic "^1.1.1"
    is-string "^1.0.7"

array-union@^1.0.1:
  version "1.0.2"
  resolved "https://registry.yarnpkg.com/array-union/-/array-union-1.0.2.tgz#9a34410e4f4e3da23dea375be5be70f24778ec39"
  integrity sha1-mjRBDk9OPaI96jdb5b5w8kd47Dk=
  dependencies:
    array-uniq "^1.0.1"

array-union@^2.1.0:
  version "2.1.0"
  resolved "https://registry.yarnpkg.com/array-union/-/array-union-2.1.0.tgz#b798420adbeb1de828d84acd8a2e23d3efe85e8d"
  integrity sha512-HGyxoOTYUyCM6stUe6EJgnd4EoewAI7zMdfqO+kGjnlZmBDz/cR5pf8r/cR4Wq60sL/p0IkcjUEEPwS3GFrIyw==

array-uniq@^1.0.1:
  version "1.0.3"
  resolved "https://registry.yarnpkg.com/array-uniq/-/array-uniq-1.0.3.tgz#af6ac877a25cc7f74e058894753858dfdb24fdb6"
  integrity sha1-r2rId6Jcx/dOBYiUdThY39sk/bY=

array.prototype.flat@^1.2.5:
  version "1.2.5"
  resolved "https://registry.yarnpkg.com/array.prototype.flat/-/array.prototype.flat-1.2.5.tgz#07e0975d84bbc7c48cd1879d609e682598d33e13"
  integrity sha512-KaYU+S+ndVqyUnignHftkwc58o3uVU1jzczILJ1tN2YaIZpFIKBiP/x/j97E5MVPsaCloPbqWLB/8qCTVvT2qg==
  dependencies:
    call-bind "^1.0.2"
    define-properties "^1.1.3"
    es-abstract "^1.19.0"

array.prototype.flatmap@^1.2.5:
  version "1.2.5"
  resolved "https://registry.yarnpkg.com/array.prototype.flatmap/-/array.prototype.flatmap-1.2.5.tgz#908dc82d8a406930fdf38598d51e7411d18d4446"
  integrity sha512-08u6rVyi1Lj7oqWbS9nUxliETrtIROT4XGTA4D/LWGten6E3ocm7cy9SIrmNHOL5XVbVuckUp3X6Xyg8/zpvHA==
  dependencies:
    call-bind "^1.0.0"
    define-properties "^1.1.3"
    es-abstract "^1.19.0"

asn1.js@^5.2.0:
  version "5.4.1"
  resolved "https://registry.yarnpkg.com/asn1.js/-/asn1.js-5.4.1.tgz#11a980b84ebb91781ce35b0fdc2ee294e3783f07"
  integrity sha512-+I//4cYPccV8LdmBLiX8CYvf9Sp3vQsrqu2QNXRcrbiWvcx/UdlFiqUJJzxRQxgsZmvhXhn4cSKeSmoFjVdupA==
  dependencies:
    bn.js "^4.0.0"
    inherits "^2.0.1"
    minimalistic-assert "^1.0.0"
    safer-buffer "^2.1.0"

assert@2.0.0:
  version "2.0.0"
  resolved "https://registry.yarnpkg.com/assert/-/assert-2.0.0.tgz#95fc1c616d48713510680f2eaf2d10dd22e02d32"
  integrity sha512-se5Cd+js9dXJnu6Ag2JFc00t+HmHOen+8Q+L7O9zI0PqQXr20uk2J0XQqMxZEeo5U50o8Nvmmx7dZrl+Ufr35A==
  dependencies:
    es6-object-assign "^1.1.0"
    is-nan "^1.2.1"
    object-is "^1.0.1"
    util "^0.12.0"

ast-types-flow@^0.0.7:
  version "0.0.7"
  resolved "https://registry.yarnpkg.com/ast-types-flow/-/ast-types-flow-0.0.7.tgz#f70b735c6bca1a5c9c22d982c3e39e7feba3bdad"
  integrity sha1-9wtzXGvKGlycItmCw+Oef+ujva0=

astral-regex@^2.0.0:
  version "2.0.0"
  resolved "https://registry.yarnpkg.com/astral-regex/-/astral-regex-2.0.0.tgz#483143c567aeed4785759c0865786dc77d7d2e31"
  integrity sha512-Z7tMw1ytTXt5jqMcOP+OQteU1VuNK9Y02uuJtKQ1Sv69jXQKKg5cibLwGJow8yzZP+eAc18EmLGPal0bp36rvQ==

autoprefixer@^10.4.0:
  version "10.4.0"
  resolved "https://registry.yarnpkg.com/autoprefixer/-/autoprefixer-10.4.0.tgz#c3577eb32a1079a440ec253e404eaf1eb21388c8"
  integrity sha512-7FdJ1ONtwzV1G43GDD0kpVMn/qbiNqyOPMFTX5nRffI+7vgWoFEc6DcXOxHJxrWNDXrZh18eDsZjvZGUljSRGA==
  dependencies:
    browserslist "^4.17.5"
    caniuse-lite "^1.0.30001272"
    fraction.js "^4.1.1"
    normalize-range "^0.1.2"
    picocolors "^1.0.0"
    postcss-value-parser "^4.1.0"

available-typed-arrays@^1.0.5:
  version "1.0.5"
  resolved "https://registry.yarnpkg.com/available-typed-arrays/-/available-typed-arrays-1.0.5.tgz#92f95616501069d07d10edb2fc37d3e1c65123b7"
  integrity sha512-DMD0KiN46eipeziST1LPP/STfDU0sufISXmjSgvVsoU2tqxctQeASejWcfNtxYKqETM1UxQ8sp2OrSBWpHY6sw==

axe-core@^4.3.5:
  version "4.3.5"
  resolved "https://registry.yarnpkg.com/axe-core/-/axe-core-4.3.5.tgz#78d6911ba317a8262bfee292aeafcc1e04b49cc5"
  integrity sha512-WKTW1+xAzhMS5dJsxWkliixlO/PqC4VhmO9T4juNYcaTg9jzWiJsou6m5pxWYGfigWbwzJWeFY6z47a+4neRXA==

axios@^0.21.1:
  version "0.21.4"
  resolved "https://registry.yarnpkg.com/axios/-/axios-0.21.4.tgz#c67b90dc0568e5c1cf2b0b858c43ba28e2eda575"
  integrity sha512-ut5vewkiu8jjGBdqpM44XxjuCjq9LAKeHVmoVfHVzy8eHgxxq8SbAVQNovDA8mVi05kP0Ea/n/UzcSHcTJQfNg==
  dependencies:
    follow-redirects "^1.14.0"

axobject-query@^2.2.0:
  version "2.2.0"
  resolved "https://registry.yarnpkg.com/axobject-query/-/axobject-query-2.2.0.tgz#943d47e10c0b704aa42275e20edf3722648989be"
  integrity sha512-Td525n+iPOOyUQIeBfcASuG6uJsDOITl7Mds5gFyerkWiX7qhUTdYUBlSgNMyVqtSJqwpt1kXGLdUt6SykLMRA==

bail@^1.0.0:
  version "1.0.5"
  resolved "https://registry.yarnpkg.com/bail/-/bail-1.0.5.tgz#b6fa133404a392cbc1f8c4bf63f5953351e7a776"
  integrity sha512-xFbRxM1tahm08yHBP16MMjVUAvDaBMD38zsM9EMAUN61omwLmKlOpB/Zku5QkjZ8TZ4vn53pj+t518cH0S03RQ==

balanced-match@^1.0.0:
  version "1.0.2"
  resolved "https://registry.yarnpkg.com/balanced-match/-/balanced-match-1.0.2.tgz#e83e3a7e3f300b34cb9d87f615fa0cbf357690ee"
  integrity sha512-3oSeUO0TMV67hN1AmbXsK4yaqU7tjiHlbxRDZOpH0KW9+CeX4bRAaX0Anxt0tx2MrpRpWwQaPwIlISEJhYU5Pw==

base64-js@^1.0.2, base64-js@^1.3.1:
  version "1.5.1"
  resolved "https://registry.yarnpkg.com/base64-js/-/base64-js-1.5.1.tgz#1b1b440160a5bf7ad40b650f095963481903930a"
  integrity sha512-AKpaYlHn8t4SVbOHCy+b5+KKgvR4vrsD8vbvrbiQJps7fKDTkjkDry6ji0rUJjC0kzbNePLwzxq8iypo41qeWA==

big.js@^5.2.2:
  version "5.2.2"
  resolved "https://registry.yarnpkg.com/big.js/-/big.js-5.2.2.tgz#65f0af382f578bcdc742bd9c281e9cb2d7768328"
  integrity sha512-vyL2OymJxmarO8gxMr0mhChsO9QGwhynfuu4+MHTAW6czfq9humCB7rKpUjDd9YUiDPU4mzpyupFSvOClAwbmQ==

binary-extensions@^2.0.0:
  version "2.2.0"
  resolved "https://registry.yarnpkg.com/binary-extensions/-/binary-extensions-2.2.0.tgz#75f502eeaf9ffde42fc98829645be4ea76bd9e2d"
  integrity sha512-jDctJ/IVQbZoJykoeHbhXpOlNBqGNcwXJKJog42E5HDPUwQTSdjCHdihjj0DlnheQ7blbT6dHOafNAiS8ooQKA==

bl@^4.0.3:
  version "4.1.0"
  resolved "https://registry.yarnpkg.com/bl/-/bl-4.1.0.tgz#451535264182bec2fbbc83a62ab98cf11d9f7b3a"
  integrity sha512-1W07cM9gS6DcLperZfFSj+bWLtaPGSOHWhPiGzXmvVJbRLdG82sH/Kn8EtW1VqWVA54AKf2h5k5BbnIbwF3h6w==
  dependencies:
    buffer "^5.5.0"
    inherits "^2.0.4"
    readable-stream "^3.4.0"

bn.js@^4.0.0, bn.js@^4.1.0, bn.js@^4.11.9:
  version "4.12.0"
  resolved "https://registry.yarnpkg.com/bn.js/-/bn.js-4.12.0.tgz#775b3f278efbb9718eec7361f483fb36fbbfea88"
  integrity sha512-c98Bf3tPniI+scsdk237ku1Dc3ujXQTSgyiPUDEOe7tRkhrqridvh8klBv0HCEso1OLOYcHuCv/cS6DNxKH+ZA==

bn.js@^5.0.0, bn.js@^5.1.1:
  version "5.2.0"
  resolved "https://registry.yarnpkg.com/bn.js/-/bn.js-5.2.0.tgz#358860674396c6997771a9d051fcc1b57d4ae002"
  integrity sha512-D7iWRBvnZE8ecXiLj/9wbxH7Tk79fAh8IHaTNq1RWRixsS02W+5qS+iE9yq6RYl0asXx5tw0bLhmT5pIfbSquw==

boolbase@^1.0.0:
  version "1.0.0"
  resolved "https://registry.yarnpkg.com/boolbase/-/boolbase-1.0.0.tgz#68dff5fbe60c51eb37725ea9e3ed310dcc1e776e"
  integrity sha1-aN/1++YMUes3cl6p4+0xDcwed24=

boxen@1.3.0:
  version "1.3.0"
  resolved "https://registry.yarnpkg.com/boxen/-/boxen-1.3.0.tgz#55c6c39a8ba58d9c61ad22cd877532deb665a20b"
  integrity sha512-TNPjfTr432qx7yOjQyaXm3dSR0MH9vXp7eT1BFSl/C51g+EFnOR9hTg1IreahGBmDNCehscshe45f+C1TBZbLw==
  dependencies:
    ansi-align "^2.0.0"
    camelcase "^4.0.0"
    chalk "^2.0.1"
    cli-boxes "^1.0.0"
    string-width "^2.0.0"
    term-size "^1.2.0"
    widest-line "^2.0.0"

brace-expansion@^1.1.7:
  version "1.1.11"
  resolved "https://registry.yarnpkg.com/brace-expansion/-/brace-expansion-1.1.11.tgz#3c7fcbf529d87226f3d2f52b966ff5271eb441dd"
  integrity sha512-iCuPHDFgrHX7H2vEI/5xpz07zSHB00TpugqhmYtVmMO6518mCuRMoOYFldEBl0g187ufozdaHgWKcYFb61qGiA==
  dependencies:
    balanced-match "^1.0.0"
    concat-map "0.0.1"

braces@^3.0.1, braces@~3.0.2:
  version "3.0.2"
  resolved "https://registry.yarnpkg.com/braces/-/braces-3.0.2.tgz#3454e1a462ee8d599e236df336cd9ea4f8afe107"
  integrity sha512-b8um+L1RzM3WDSzvhm6gIz1yfTbBt6YTlcEKAvsmqCZZFw46z626lVj9j1yEPW33H5H+lBQpZMP1k8l+78Ha0A==
  dependencies:
    fill-range "^7.0.1"

brorand@^1.0.1, brorand@^1.1.0:
  version "1.1.0"
  resolved "https://registry.yarnpkg.com/brorand/-/brorand-1.1.0.tgz#12c25efe40a45e3c323eb8675a0a0ce57b22371f"
  integrity sha1-EsJe/kCkXjwyPrhnWgoM5XsiNx8=

browserify-aes@^1.0.0, browserify-aes@^1.0.4:
  version "1.2.0"
  resolved "https://registry.yarnpkg.com/browserify-aes/-/browserify-aes-1.2.0.tgz#326734642f403dabc3003209853bb70ad428ef48"
  integrity sha512-+7CHXqGuspUn/Sl5aO7Ea0xWGAtETPXNSAjHo48JfLdPWcMng33Xe4znFvQweqc/uzk5zSOI3H52CYnjCfb5hA==
  dependencies:
    buffer-xor "^1.0.3"
    cipher-base "^1.0.0"
    create-hash "^1.1.0"
    evp_bytestokey "^1.0.3"
    inherits "^2.0.1"
    safe-buffer "^5.0.1"

browserify-cipher@^1.0.0:
  version "1.0.1"
  resolved "https://registry.yarnpkg.com/browserify-cipher/-/browserify-cipher-1.0.1.tgz#8d6474c1b870bfdabcd3bcfcc1934a10e94f15f0"
  integrity sha512-sPhkz0ARKbf4rRQt2hTpAHqn47X3llLkUGn+xEJzLjwY8LRs2p0v7ljvI5EyoRO/mexrNunNECisZs+gw2zz1w==
  dependencies:
    browserify-aes "^1.0.4"
    browserify-des "^1.0.0"
    evp_bytestokey "^1.0.0"

browserify-des@^1.0.0:
  version "1.0.2"
  resolved "https://registry.yarnpkg.com/browserify-des/-/browserify-des-1.0.2.tgz#3af4f1f59839403572f1c66204375f7a7f703e9c"
  integrity sha512-BioO1xf3hFwz4kc6iBhI3ieDFompMhrMlnDFC4/0/vd5MokpuAc3R+LYbwTA9A5Yc9pq9UYPqffKpW2ObuwX5A==
  dependencies:
    cipher-base "^1.0.1"
    des.js "^1.0.0"
    inherits "^2.0.1"
    safe-buffer "^5.1.2"

browserify-rsa@^4.0.0, browserify-rsa@^4.0.1:
  version "4.1.0"
  resolved "https://registry.yarnpkg.com/browserify-rsa/-/browserify-rsa-4.1.0.tgz#b2fd06b5b75ae297f7ce2dc651f918f5be158c8d"
  integrity sha512-AdEER0Hkspgno2aR97SAf6vi0y0k8NuOpGnVH3O99rcA5Q6sh8QxcngtHuJ6uXwnfAXNM4Gn1Gb7/MV1+Ymbog==
  dependencies:
    bn.js "^5.0.0"
    randombytes "^2.0.1"

browserify-sign@^4.0.0:
  version "4.2.1"
  resolved "https://registry.yarnpkg.com/browserify-sign/-/browserify-sign-4.2.1.tgz#eaf4add46dd54be3bb3b36c0cf15abbeba7956c3"
  integrity sha512-/vrA5fguVAKKAVTNJjgSm1tRQDHUU6DbwO9IROu/0WAzC8PKhucDSh18J0RMvVeHAn5puMd+QHC2erPRNf8lmg==
  dependencies:
    bn.js "^5.1.1"
    browserify-rsa "^4.0.1"
    create-hash "^1.2.0"
    create-hmac "^1.1.7"
    elliptic "^6.5.3"
    inherits "^2.0.4"
    parse-asn1 "^5.1.5"
    readable-stream "^3.6.0"
    safe-buffer "^5.2.0"

browserify-zlib@0.2.0:
  version "0.2.0"
  resolved "https://registry.yarnpkg.com/browserify-zlib/-/browserify-zlib-0.2.0.tgz#2869459d9aa3be245fe8fe2ca1f46e2e7f54d73f"
  integrity sha512-Z942RysHXmJrhqk88FmKBVq/v5tqmSkDz7p54G/MGyjMnCFFnC79XWNbg+Vta8W6Wb2qtSZTSxIGkJrRpCFEiA==
  dependencies:
    pako "~1.0.5"

browserslist@4.16.6:
  version "4.16.6"
  resolved "https://registry.yarnpkg.com/browserslist/-/browserslist-4.16.6.tgz#d7901277a5a88e554ed305b183ec9b0c08f66fa2"
  integrity sha512-Wspk/PqO+4W9qp5iUTJsa1B/QrYn1keNCcEP5OvP7WBwT4KaDly0uONYmC6Xa3Z5IqnUgS0KcgLYu1l74x0ZXQ==
  dependencies:
    caniuse-lite "^1.0.30001219"
    colorette "^1.2.2"
    electron-to-chromium "^1.3.723"
    escalade "^3.1.1"
    node-releases "^1.1.71"
